
Microsoft Visual Studio Solution File, Format Version 12.00
# Visual Studio Version 16
VisualStudioVersion = 16.0.30717.126
MinimumVisualStudioVersion = 10.0.40219.1
Project("{FAE04EC0-301F-11D3-BF4B-00C04F79EFBC}") = "XorEncrypt", "XorEncrypt\XorEncrypt.csproj", "{9A243768-5AD5-46BB-BE53-B3A3804627A5}"
EndProject
Global
	GlobalSection(SolutionConfigurationPlatforms) = preSolution
		Debug|Any CPU = Debug|Any CPU
		Release|Any CPU = Release|Any CPU
	EndGlobalSection
	GlobalSection(ProjectConfigurationPlatforms) = postSolution
		{9A243768-5AD5-46BB-BE53-B3A3804627A5}.Debug|Any CPU.ActiveCfg = Debug|Any CPU
		{9A243768-5AD5-46BB-BE53-B3A3804627A5}.Debug|Any CPU.Build.0 = Debug|Any CPU
		{9A243768-5AD5-46BB-BE53-B3A3804627A5}.Release|Any CPU.ActiveCfg = Release|Any CPU
		{9A243768-5AD5-46BB-BE53-B3A3804627A5}.Release|Any CPU.Build.0 = Release|Any CPU
	EndGlobalSection
	GlobalSection(SolutionProperties) = preSolution
		HideSolutionNode = FALSE
	EndGlobalSection
	GlobalSection(ExtensibilityGlobals) = postSolution
		SolutionGuid = {B444C391-63AE-486A-9558-B54814727969}
	EndGlobalSection
EndGlobal
